{
  "name": "agenticos-sheet-runtime",
  "version": "1.0.0",
  "lockfileVersion": 3,
  "requires": true,
  "packages": {
    "": {
      "name": "agenticos-sheet-runtime",
      "version": "1.0.0",
      "dependencies": {
        "@univerjs/preset-sheets-node-core": "1.0.3",
        "@univerjs/presets": "1.0.3",
        "rxjs": "7.8.1"
      },
      "engines": {
        "node": ">=20"
      }
    },
    "node_modules/@flatten-js/interval-tree": {
      "version": "1.1.3",
      "resolved": "https://registry.npmjs.org/@flatten-js/interval-tree/-/interval-tree-1.1.3.tgz",
      "integrity": "sha512-xhFWUBoHJFF77cJO1D6REjdgJEMRf2Y2Z+eKEPav8evGKcLSnj1ud5pLXQSbGuxF3VSvT1rWhMfVpXEKJLTL+A==",
      "license": "MIT"
    },
    "node_modules/@floating-ui/core": {
      "version": "1.8.0",
      "resolved": "https://registry.npmjs.org/@floating-ui/core/-/core-1.8.0.tgz",
      "integrity": "sha512-0CIZ5itps/8x7BG8dEIhs53BvCUH2PCoogtakwRTut+Arm58sJooJ0AuZhLw2HJYIR5cMLNPBSS728sPho2khQ==",
      "license": "MIT",
      "dependencies": {
        "@floating-ui/utils": "^0.2.12"
      }
    },
    "node_modules/@floating-ui/dom": {
      "version": "1.8.0",
      "resolved": "https://registry.npmjs.org/@floating-ui/dom/-/dom-1.8.0.tgz",
      "integrity": "sha512-yXSrzeHZBTZadLOlfyhCkJHNeLJnHRnRInwdZ40L7ZiaAtrBwoYlsDrX3v5zB1Utk7CLfzcOVnVVWoXEky7Ceg==",
      "license": "MIT",
      "dependencies": {
        "@floating-ui/core": "^1.8.0",
        "@floating-ui/utils": "^0.2.12"
      }
    },
    "node_modules/@floating-ui/utils": {
      "version": "0.2.12",
      "resolved": "https://registry.npmjs.org/@floating-ui/utils/-/utils-0.2.12.tgz",
      "integrity": "sha512-HpCo8tmWzLVad5s2d19EhAz5zqrrQ6s69qd6moPMQvkOuSwDT1YgRfWSVuc4ennqrgv3OHppiOGMQ7oC13yIww==",
      "license": "MIT"
    },
    "node_modules/@grpc/grpc-js": {
      "version": "1.14.5",
      "resolved": "https://registry.npmjs.org/@grpc/grpc-js/-/grpc-js-1.14.5.tgz",
      "integrity": "sha512-7VZM+SVdEcUUqSQeNI3zM8Qs/BhQKZndPo2h5VkYkAM8Iz0wJIa8mKV5ekQGqG8UUsnkQ0NMxIxwkIHYvj0qOw==",
      "license": "Apache-2.0",
      "dependencies": {
        "@grpc/proto-loader": "^0.8.0",
        "@js-sdsl/ordered-map": "^4.4.2"
      },
      "engines": {
        "node": ">=12.10.0"
      }
    },
    "node_modules/@grpc/proto-loader": {
      "version": "0.8.1",
      "resolved": "https://registry.npmjs.org/@grpc/proto-loader/-/proto-loader-0.8.1.tgz",
      "integrity": "sha512-wtF6h+DY6M3YaDBPAmvuuA6jV8Sif9MjtOI5euKFWRgCDl5PeDpPsHR9u2l6St5ceY8AZgoNDww5+HvEsXFsGg==",
      "license": "Apache-2.0",
      "dependencies": {
        "lodash.camelcase": "^4.3.0",
        "long": "^5.0.0",
        "protobufjs": "^7.5.5",
        "yargs": "^17.7.2"
      },
      "bin": {
        "proto-loader-gen-types": "build/bin/proto-loader-gen-types.js"
      },
      "engines": {
        "node": ">=6"
      }
    },
    "node_modules/@js-sdsl/ordered-map": {
      "version": "4.4.2",
      "resolved": "https://registry.npmjs.org/@js-sdsl/ordered-map/-/ordered-map-4.4.2.tgz",
      "integrity": "sha512-iUKgm52T8HOE/makSxjqoWhe95ZJA1/G1sYsGev2JDKUSS14KAgg1LHb+Ba+IPow0xflbnSkOsZcO08C7w1gYw==",
      "license": "MIT",
      "funding": {
        "type": "opencollective",
        "url": "https://opencollective.com/js-sdsl"
      }
    },
    "node_modules/@protobufjs/aspromise": {
      "version": "1.1.2",
      "resolved": "https://registry.npmjs.org/@protobufjs/aspromise/-/aspromise-1.1.2.tgz",
      "integrity": "sha512-j+gKExEuLmKwvz3OgROXtrJ2UG2x8Ch2YZUxahh+s1F2HZ+wAceUNLkvy6zKCPVRkU++ZWQrdxsUeQXmcg4uoQ==",
      "license": "BSD-3-Clause"
    },
    "node_modules/@protobufjs/base64": {
      "version": "1.1.2",
      "resolved": "https://registry.npmjs.org/@protobufjs/base64/-/base64-1.1.2.tgz",
      "integrity": "sha512-AZkcAA5vnN/v4PDqKyMR5lx7hZttPDgClv83E//FMNhR2TMcLUhfRUBHCmSl0oi9zMgDDqRUJkSxO3wm85+XLg==",
      "license": "BSD-3-Clause"
    },
    "node_modules/@protobufjs/codegen": {
      "version": "2.0.5",
      "resolved": "https://registry.npmjs.org/@protobufjs/codegen/-/codegen-2.0.5.tgz",
      "integrity": "sha512-zgXFLzW3Ap33e6d0Wlj4MGIm6Ce8O89n/apUaGNB/jx+hw+ruWEp7EwGUshdLKVRCxZW12fp9r40E1mQrf/34g==",
      "license": "BSD-3-Clause"
    },
    "node_modules/@protobufjs/eventemitter": {
      "version": "1.1.1",
      "resolved": "https://registry.npmjs.org/@protobufjs/eventemitter/-/eventemitter-1.1.1.tgz",
      "integrity": "sha512-vW1GmwMZNnL+gMRaovlh9yZX74kc+TTU3FObkkurpMaRtBfLP3ldjS9KQWlwZgraRE0+dheEEoAxdzcJQ8eXZg==",
      "license": "BSD-3-Clause"
    },
    "node_modules/@protobufjs/fetch": {
      "version": "1.1.1",
      "resolved": "https://registry.npmjs.org/@protobufjs/fetch/-/fetch-1.1.1.tgz",
      "integrity": "sha512-GpptLrs57adMSuHi3VNj0mAF8dwh36LMaYF6XyJ6JMWlVsc+t42tm1HSEDmOs3A8fC9yyeisgLhsTVQokOZ0zw==",
      "license": "BSD-3-Clause",
      "dependencies": {
        "@protobufjs/aspromise": "^1.1.1"
      }
    },
    "node_modules/@protobufjs/float": {
      "version": "1.0.2",
      "resolved": "https://registry.npmjs.org/@protobufjs/float/-/float-1.0.2.tgz",
      "integrity": "sha512-Ddb+kVXlXst9d+R9PfTIxh1EdNkgoRe5tOX6t01f1lYWOvJnSPDBlG241QLzcyPdoNTsblLUdujGSE4RzrTZGQ==",
      "license": "BSD-3-Clause"
    },
    "node_modules/@protobufjs/path": {
      "version": "1.1.2",
      "resolved": "https://registry.npmjs.org/@protobufjs/path/-/path-1.1.2.tgz",
      "integrity": "sha512-6JOcJ5Tm08dOHAbdR3GrvP+yUUfkjG5ePsHYczMFLq3ZmMkAD98cDgcT2iA1lJ9NVwFd4tH/iSSoe44YWkltEA==",
      "license": "BSD-3-Clause"
    },
    "node_modules/@protobufjs/pool": {
      "version": "1.1.0",
      "resolved": "https://registry.npmjs.org/@protobufjs/pool/-/pool-1.1.0.tgz",
      "integrity": "sha512-0kELaGSIDBKvcgS4zkjz1PeddatrjYcmMWOlAuAPwAeccUrPHdUqo/J6LiymHHEiJT5NrF1UVwxY14f+fy4WQw==",
      "license": "BSD-3-Clause"
    },
    "node_modules/@protobufjs/utf8": {
      "version": "1.1.2",
      "resolved": "https://registry.npmjs.org/@protobufjs/utf8/-/utf8-1.1.2.tgz",
      "integrity": "sha512-b1UQwcEZ4yCnMCD8DAL1VlbvBJE9/IX4FTIp7BG1xYpf29SLazLSrqUkj4w7Y5y7cCVP6E5tcqqcI0xemPkHug==",
      "license": "BSD-3-Clause"
    },
    "node_modules/@types/node": {
      "version": "26.6.4",
      "resolved": "https://registry.npmjs.org/@types/node/-/node-26.6.4.tgz",
      "integrity": "sha512-ldVPDCzj7fsaGZrLB0NuHuTvJcsNasysBAqMolr/cgxrLd1xbqxIr3XJiPnHHJUCxj5sNF1vnRj9aWnrVh5Jcg==",
      "license": "MIT",
      "dependencies": {
        "undici-types": "~8.9.0"
      }
    },
    "node_modules/@univerjs/core": {
      "version": "1.0.3",
      "resolved": "https://registry.npmjs.org/@univerjs/core/-/core-1.0.3.tgz",
      "integrity": "sha512-6lOILsG4y3WZtLuvj31C6nXvO0zxpxzmzL0u/4cU3LdHmwJoESVq/dCgMEV6fk/BkZ+Q3QL7MLRUM6I2UiXcOg==",
      "license": "Apache-2.0",
      "dependencies": {
        "@univerjs/protocol": "1.0.3",
        "@univerjs/themes": "1.0.3",
        "@wendellhu/redi": "1.1.3",
        "async-lock": "^1.4.1",
        "fast-diff": "1.3.0",
        "kdbush": "^4.1.0",
        "lodash-es": "^4.18.1",
        "ot-json1": "^1.0.2",
        "rbush": "^4.0.1"
      },
      "funding": {
        "type": "opencollective",
        "url": "https://opencollective.com/univer"
      },
      "peerDependencies": {
        "rxjs": ">=7.0.0"
      }
    },
    "node_modules/@univerjs/data-validation": {
      "version": "1.0.3",
      "resolved": "https://registry.npmjs.org/@univerjs/data-validation/-/data-validation-1.0.3.tgz",
      "integrity": "sha512-npHBNHp0BwzJWP+/YrDDD3Bexg9yX3gTrIPemtGE1eLzdwGV9qKzcTJuGECxAbrBFELRaKyKwqO9X3KrOFkP9g==",
      "license": "Apache-2.0",
      "dependencies": {
        "@univerjs/core": "1.0.3"
      },
      "funding": {
        "type": "opencollective",
        "url": "https://opencollective.com/univer"
      },
      "peerDependencies": {
        "rxjs": ">=7.0.0"
      }
    },
    "node_modules/@univerjs/docs": {
      "version": "1.0.3",
      "resolved": "https://registry.npmjs.org/@univerjs/docs/-/docs-1.0.3.tgz",
      "integrity": "sha512-lBmE+ZVvUp+ffPKiNXpdxTiIQvl3uG7JUF7FhbdTe+acIA/g1wjVV4BxVZxQcGAHiEXsR7awk6LjVssSEZGtDg==",
      "license": "Apache-2.0",
      "dependencies": {
        "@univerjs/core": "1.0.3",
        "@univerjs/engine-render": "1.0.3",
        "@univerjs/protocol": "1.0.3",
        "@univerjs/rpc": "1.0.3"
      },
      "funding": {
        "type": "opencollective",
        "url": "https://opencollective.com/univer"
      },
      "peerDependencies": {
        "rxjs": ">=7.0.0"
      }
    },
    "node_modules/@univerjs/drawing": {
      "version": "1.0.3",
      "resolved": "https://registry.npmjs.org/@univerjs/drawing/-/drawing-1.0.3.tgz",
      "integrity": "sha512-asx84VWIwncajJBH5UYw1gyoD9hjHUt0MU2xDUWuc8kHxgODK7WJS5QTqEuxZ704m4LyIf6vKfrO7jpu8JDGGw==",
      "license": "Apache-2.0",
      "dependencies": {
        "@univerjs/core": "1.0.3"
      },
      "funding": {
        "type": "opencollective",
        "url": "https://opencollective.com/univer"
      },
      "peerDependencies": {
        "rxjs": ">=7.0.0"
      }
    },
    "node_modules/@univerjs/engine-formula": {
      "version": "1.0.3",
      "resolved": "https://registry.npmjs.org/@univerjs/engine-formula/-/engine-formula-1.0.3.tgz",
      "integrity": "sha512-/Tl2TlRlYCmhvFqJ5p7JdGCY8emzWI6OcNBiQ8PV2tMJS+MOjdmtIQlQvv5JGRc+9GzHwOYm2/wsrefzeFgkwA==",
      "license": "Apache-2.0",
      "dependencies": {
        "@flatten-js/interval-tree": "1.1.3",
        "@univerjs/core": "1.0.3",
        "@univerjs/rpc": "1.0.3",
        "decimal.js": "^10.6.0"
      },
      "funding": {
        "type": "opencollective",
        "url": "https://opencollective.com/univer"
      },
      "peerDependencies": {
        "rxjs": ">=7.0.0"
      }
    },
    "node_modules/@univerjs/engine-render": {
      "version": "1.0.3",
      "resolved": "https://registry.npmjs.org/@univerjs/engine-render/-/engine-render-1.0.3.tgz",
      "integrity": "sha512-qFUBmZiGwnx5JXPvJoiVHMpML8irfAeBgxmvDX0+R/NgNmqE6QFHfX8RWgdOG0Af9r2Tgh/mnsVkpv/uvL6RFg==",
      "license": "Apache-2.0",
      "dependencies": {
        "@floating-ui/dom": "^1.8.0",
        "@floating-ui/utils": "^0.2.12",
        "@univerjs/core": "1.0.3",
        "franc-min": "^6.2.0"
      },
      "funding": {
        "type": "opencollective",
        "url": "https://opencollective.com/univer"
      },
      "peerDependencies": {
        "rxjs": ">=7.0.0"
      }
    },
    "node_modules/@univerjs/network": {
      "version": "1.0.3",
      "resolved": "https://registry.npmjs.org/@univerjs/network/-/network-1.0.3.tgz",
      "integrity": "sha512-T+YDb+wyTea8VhZva8N7oLwMNDiOrLTXMk7P3y788JqKUmzkLDnQh7C5kNQ5H2nD4MyCzrAK1q3C/L6t3JArpQ==",
      "license": "Apache-2.0",
      "dependencies": {
        "@univerjs/core": "1.0.3"
      },
      "funding": {
        "type": "opencollective",
        "url": "https://opencollective.com/univer"
      },
      "peerDependencies": {
        "rxjs": ">=7.0.0"
      }
    },
    "node_modules/@univerjs/preset-sheets-node-core": {
      "version": "1.0.3",
      "resolved": "https://registry.npmjs.org/@univerjs/preset-sheets-node-core/-/preset-sheets-node-core-1.0.3.tgz",
      "integrity": "sha512-Ao+1H3aeuYa+AM69QlMM8sTmLmTD/fgA9PbnwD9lBojrT5845J9QngCzpDl1wKSkSNDle15Wd0W+UBwVNDKUJw==",
      "license": "Apache-2.0",
      "dependencies": {
        "@univerjs/docs": "1.0.3",
        "@univerjs/engine-formula": "1.0.3",
        "@univerjs/rpc-node": "1.0.3",
        "@univerjs/sheets": "1.0.3",
        "@univerjs/sheets-data-validation": "1.0.3",
        "@univerjs/sheets-drawing": "1.0.3",
        "@univerjs/sheets-filter": "1.0.3",
        "@univerjs/sheets-formula": "1.0.3",
        "@univerjs/sheets-hyper-link": "1.0.3",
        "@univerjs/sheets-numfmt": "1.0.3",
        "@univerjs/sheets-sort": "1.0.3",
        "@univerjs/sheets-thread-comment": "1.0.3",
        "@univerjs/thread-comment": "1.0.3"
      },
      "funding": {
        "type": "opencollective",
        "url": "https://opencollective.com/univer"
      },
      "peerDependencies": {
        "rxjs": ">=7.0.0"
      }
    },
    "node_modules/@univerjs/presets": {
      "version": "1.0.3",
      "resolved": "https://registry.npmjs.org/@univerjs/presets/-/presets-1.0.3.tgz",
      "integrity": "sha512-Xu9FbTJ/HxtwWsLaLkku0FX5sJvzmuIe/6fgLiAdU67NHVNGawV/lTx2xQd9vHKjYOIT6EThZBaPrJcR9lMxIA==",
      "license": "Apache-2.0",
      "dependencies": {
        "@univerjs/core": "1.0.3",
        "@univerjs/drawing": "1.0.3",
        "@univerjs/engine-formula": "1.0.3",
        "@univerjs/engine-render": "1.0.3",
        "@univerjs/network": "1.0.3",
        "@univerjs/protocol": "1.0.3",
        "@univerjs/rpc": "1.0.3",
        "@univerjs/telemetry": "1.0.3",
        "@univerjs/themes": "1.0.3"
      },
      "funding": {
        "type": "opencollective",
        "url": "https://opencollective.com/univer"
      }
    },
    "node_modules/@univerjs/protocol": {
      "version": "1.0.3",
      "resolved": "https://registry.npmjs.org/@univerjs/protocol/-/protocol-1.0.3.tgz",
      "integrity": "sha512-tSuAT6BmstZVAAdV0Yp7DV8l2M9lanBfkVSAvnOM+qonu81GvL/PITWpuabe8I96FJGBj3a4h4Ny0O+hfS71jg==",
      "license": "Apache-2.0",
      "dependencies": {
        "@grpc/grpc-js": "^1.14.4"
      },
      "funding": {
        "type": "opencollective",
        "url": "https://opencollective.com/univer"
      }
    },
    "node_modules/@univerjs/rpc": {
      "version": "1.0.3",
      "resolved": "https://registry.npmjs.org/@univerjs/rpc/-/rpc-1.0.3.tgz",
      "integrity": "sha512-5enGMA7nlo0LH7RMECxbD6n0ozL9puK4RZDQTRjwDCX6I1WOfJJe0c1bjl5AYUl/9n24uYRmUQFI2mMZhr8WcQ==",
      "license": "Apache-2.0",
      "dependencies": {
        "@univerjs/core": "1.0.3"
      },
      "funding": {
        "type": "opencollective",
        "url": "https://opencollective.com/univer"
      },
      "peerDependencies": {
        "rxjs": ">=7.0.0"
      }
    },
    "node_modules/@univerjs/rpc-node": {
      "version": "1.0.3",
      "resolved": "https://registry.npmjs.org/@univerjs/rpc-node/-/rpc-node-1.0.3.tgz",
      "integrity": "sha512-mMHCQ0/uwNjACissa63N0klDs5uaL9EQ+Iy+uXfWV0ictpnoLD8V4J7bcJ4NVe9Ot1erQ62K9ENgo6e9yK4MeA==",
      "license": "Apache-2.0",
      "dependencies": {
        "@univerjs/core": "1.0.3",
        "@univerjs/rpc": "1.0.3"
      },
      "funding": {
        "type": "opencollective",
        "url": "https://opencollective.com/univer"
      },
      "peerDependencies": {
        "rxjs": ">=7.0.0"
      }
    },
    "node_modules/@univerjs/sheets": {
      "version": "1.0.3",
      "resolved": "https://registry.npmjs.org/@univerjs/sheets/-/sheets-1.0.3.tgz",
      "integrity": "sha512-deV8lT5SCcpLVNyqYULDshZg8qQThFwWcPQFe1hLGa8n9OX8Dpqorc2jFtXcvrqiWMqB5wZBvPsmBJ+GB1mgwg==",
      "license": "Apache-2.0",
      "dependencies": {
        "@univerjs/core": "1.0.3",
        "@univerjs/engine-formula": "1.0.3",
        "@univerjs/engine-render": "1.0.3",
        "@univerjs/protocol": "1.0.3",
        "@univerjs/rpc": "1.0.3"
      },
      "funding": {
        "type": "opencollective",
        "url": "https://opencollective.com/univer"
      },
      "peerDependencies": {
        "rxjs": ">=7.0.0"
      }
    },
    "node_modules/@univerjs/sheets-data-validation": {
      "version": "1.0.3",
      "resolved": "https://registry.npmjs.org/@univerjs/sheets-data-validation/-/sheets-data-validation-1.0.3.tgz",
      "integrity": "sha512-nOox7ojonYdc8M6/dy6mOMU5CqxE3QdYUZSj+b6uuobSB9CVvUxTBaKYqqXPMudQ4PlyX6kcPawLtLIyjJ2zxQ==",
      "license": "Apache-2.0",
      "dependencies": {
        "@univerjs/core": "1.0.3",
        "@univerjs/data-validation": "1.0.3",
        "@univerjs/engine-formula": "1.0.3",
        "@univerjs/protocol": "1.0.3",
        "@univerjs/sheets": "1.0.3",
        "@univerjs/sheets-formula": "1.0.3"
      },
      "funding": {
        "type": "opencollective",
        "url": "https://opencollective.com/univer"
      },
      "peerDependencies": {
        "rxjs": ">=7.0.0"
      }
    },
    "node_modules/@univerjs/sheets-drawing": {
      "version": "1.0.3",
      "resolved": "https://registry.npmjs.org/@univerjs/sheets-drawing/-/sheets-drawing-1.0.3.tgz",
      "integrity": "sha512-B0dX6EJZDpi7VJQVpwu5RE7b5kjW42cX1Eo4OmgL40tIAhz29r0+DO9FZg1soDQFP3typlqlSdoCrGvxXZYczw==",
      "license": "Apache-2.0",
      "dependencies": {
        "@univerjs/core": "1.0.3",
        "@univerjs/drawing": "1.0.3",
        "@univerjs/engine-render": "1.0.3",
        "@univerjs/sheets": "1.0.3"
      },
      "funding": {
        "type": "opencollective",
        "url": "https://opencollective.com/univer"
      }
    },
    "node_modules/@univerjs/sheets-filter": {
      "version": "1.0.3",
      "resolved": "https://registry.npmjs.org/@univerjs/sheets-filter/-/sheets-filter-1.0.3.tgz",
      "integrity": "sha512-U88P6MxkgaUioFrKRpBxYSf1tkpISf82o0KoKIYHc/yhHLDbxKQTgAmRzoeiQYAeAueWRDy93TiDuIID5Aoyow==",
      "license": "Apache-2.0",
      "dependencies": {
        "@univerjs/core": "1.0.3",
        "@univerjs/engine-formula": "1.0.3",
        "@univerjs/engine-render": "1.0.3",
        "@univerjs/rpc": "1.0.3",
        "@univerjs/sheets": "1.0.3"
      },
      "funding": {
        "type": "opencollective",
        "url": "https://opencollective.com/univer"
      },
      "peerDependencies": {
        "rxjs": ">=7.0.0"
      }
    },
    "node_modules/@univerjs/sheets-formula": {
      "version": "1.0.3",
      "resolved": "https://registry.npmjs.org/@univerjs/sheets-formula/-/sheets-formula-1.0.3.tgz",
      "integrity": "sha512-RyMXZoXmZT3AP374wr//Tzt1kM1z7E9GN6pNM75P8G8WAtt/EkxYXiE//qqqegOGJHp0doF2XfaKl5OEcPnJXg==",
      "license": "Apache-2.0",
      "dependencies": {
        "@univerjs/core": "1.0.3",
        "@univerjs/docs": "1.0.3",
        "@univerjs/engine-formula": "1.0.3",
        "@univerjs/rpc": "1.0.3",
        "@univerjs/sheets": "1.0.3"
      },
      "funding": {
        "type": "opencollective",
        "url": "https://opencollective.com/univer"
      },
      "peerDependencies": {
        "rxjs": ">=7.0.0"
      }
    },
    "node_modules/@univerjs/sheets-hyper-link": {
      "version": "1.0.3",
      "resolved": "https://registry.npmjs.org/@univerjs/sheets-hyper-link/-/sheets-hyper-link-1.0.3.tgz",
      "integrity": "sha512-nr0e3N3gZsSEeCId46STdXKtFC6v8Z5tB6Cwi4LAy/vvPys+P4JzAoYXFkQYl8c+kTJO8Z5KvHWlYSAqOUAQSA==",
      "license": "Apache-2.0",
      "dependencies": {
        "@univerjs/core": "1.0.3",
        "@univerjs/docs": "1.0.3",
        "@univerjs/engine-formula": "1.0.3",
        "@univerjs/sheets": "1.0.3"
      },
      "funding": {
        "type": "opencollective",
        "url": "https://opencollective.com/univer"
      },
      "peerDependencies": {
        "rxjs": ">=7.0.0"
      }
    },
    "node_modules/@univerjs/sheets-numfmt": {
      "version": "1.0.3",
      "resolved": "https://registry.npmjs.org/@univerjs/sheets-numfmt/-/sheets-numfmt-1.0.3.tgz",
      "integrity": "sha512-BvjFlqn6GwIrPc/67QMe6kRudYIBz+5DVeCIo9N76ISb+EG68A/5KmLtdFpI2ejtHffBoPIhKEe7M7vaxpcECw==",
      "license": "Apache-2.0",
      "dependencies": {
        "@univerjs/core": "1.0.3",
        "@univerjs/engine-formula": "1.0.3",
        "@univerjs/sheets": "1.0.3"
      },
      "funding": {
        "type": "opencollective",
        "url": "https://opencollective.com/univer"
      },
      "peerDependencies": {
        "rxjs": ">=7.0.0"
      }
    },
    "node_modules/@univerjs/sheets-sort": {
      "version": "1.0.3",
      "resolved": "https://registry.npmjs.org/@univerjs/sheets-sort/-/sheets-sort-1.0.3.tgz",
      "integrity": "sha512-Zor4rphsfoGumzdgeiNR0AYkV3QtbiHHlMUJmnU6inwK9204qa5bxa8Fw1kyAumo0o3YubYMIeOh0BlfTP9cNQ==",
      "license": "Apache-2.0",
      "dependencies": {
        "@univerjs/core": "1.0.3",
        "@univerjs/engine-formula": "1.0.3",
        "@univerjs/sheets": "1.0.3"
      },
      "funding": {
        "type": "opencollective",
        "url": "https://opencollective.com/univer"
      }
    },
    "node_modules/@univerjs/sheets-thread-comment": {
      "version": "1.0.3",
      "resolved": "https://registry.npmjs.org/@univerjs/sheets-thread-comment/-/sheets-thread-comment-1.0.3.tgz",
      "integrity": "sha512-LMIfKssSMIJ95bkmdWX+OGdgunWfv6fKsASGuqwtJW31U0rwzJD6xPcvVFlu1+hxe9FwJSUF0aSQVwbyJ3mE/Q==",
      "license": "Apache-2.0",
      "dependencies": {
        "@univerjs/core": "1.0.3",
        "@univerjs/engine-formula": "1.0.3",
        "@univerjs/sheets": "1.0.3",
        "@univerjs/thread-comment": "1.0.3"
      },
      "funding": {
        "type": "opencollective",
        "url": "https://opencollective.com/univer"
      },
      "peerDependencies": {
        "rxjs": ">=7.0.0"
      }
    },
    "node_modules/@univerjs/telemetry": {
      "version": "1.0.3",
      "resolved": "https://registry.npmjs.org/@univerjs/telemetry/-/telemetry-1.0.3.tgz",
      "integrity": "sha512-21avsr1Sap2bsvuCqUh+aNg+vXddD6d348Akm1witDI51rZOONs6W2nJdj7d7veDKR/S6UvPWw5MsnFIDvl0mQ==",
      "license": "Apache-2.0",
      "dependencies": {
        "@univerjs/core": "1.0.3"
      },
      "funding": {
        "type": "opencollective",
        "url": "https://opencollective.com/univer"
      }
    },
    "node_modules/@univerjs/themes": {
      "version": "1.0.3",
      "resolved": "https://registry.npmjs.org/@univerjs/themes/-/themes-1.0.3.tgz",
      "integrity": "sha512-V09uwafEEbbkP9F6sC5Ro3n6VJrPJWrGO2aMrEevMNdJcdmJogigOY2pFxr8rAwR2Z3W/i2t4yK7gQID3ImE7Q==",
      "license": "Apache-2.0",
      "funding": {
        "type": "opencollective",
        "url": "https://opencollective.com/univer"
      }
    },
    "node_modules/@univerjs/thread-comment": {
      "version": "1.0.3",
      "resolved": "https://registry.npmjs.org/@univerjs/thread-comment/-/thread-comment-1.0.3.tgz",
      "integrity": "sha512-rficbR90Ewc74pIL6fmIe1hmvRLsb+zfLPjUygGBoC4xHroVxdp7/4MaqMvbmt4uWR6uIHDU0ggS8Eml1aXizQ==",
      "license": "Apache-2.0",
      "dependencies": {
        "@univerjs/core": "1.0.3"
      },
      "funding": {
        "type": "opencollective",
        "url": "https://opencollective.com/univer"
      },
      "peerDependencies": {
        "rxjs": ">=7.0.0"
      }
    },
    "node_modules/@wendellhu/redi": {
      "version": "1.1.3",
      "resolved": "https://registry.npmjs.org/@wendellhu/redi/-/redi-1.1.3.tgz",
      "integrity": "sha512-XjSi+q350RzOE0WCHB1tspodtdmtzdpMlscOQvlDY27IFft5Pm/nbzsBnTX5Wg5vjtLM/T3ehlJ98wXhqN9xfg==",
      "license": "MIT",
      "workspaces": [
        "docs"
      ],
      "peerDependencies": {
        "react": ">=16.8.0"
      },
      "peerDependenciesMeta": {
        "react": {
          "optional": true
        }
      }
    },
    "node_modules/ansi-regex": {
      "version": "5.0.1",
      "resolved": "https://registry.npmjs.org/ansi-regex/-/ansi-regex-5.0.1.tgz",
      "integrity": "sha512-quJQXlTSUGL2LH9SUXo8VwsY4soanhgo6LNSm84E1LBcE8s3O0wpdiRzyR9z/ZZJMlMWv37qOOb9pdJlMUEKFQ==",
      "license": "MIT",
      "engines": {
        "node": ">=8"
      }
    },
    "node_modules/ansi-styles": {
      "version": "4.3.0",
      "resolved": "https://registry.npmjs.org/ansi-styles/-/ansi-styles-4.3.0.tgz",
      "integrity": "sha512-zbB9rCJAT1rbjiVDb2hqKFHNYLxgtk8NURxZ3IZwD3F6NtxbXZQCnnSi1Lkx+IDohdPlFp222wVALIheZJQSEg==",
      "license": "MIT",
      "dependencies": {
        "color-convert": "^2.0.1"
      },
      "engines": {
        "node": ">=8"
      },
      "funding": {
        "url": "https://github.com/chalk/ansi-styles?sponsor=1"
      }
    },
    "node_modules/async-lock": {
      "version": "1.4.1",
      "resolved": "https://registry.npmjs.org/async-lock/-/async-lock-1.4.1.tgz",
      "integrity": "sha512-Az2ZTpuytrtqENulXwO3GGv1Bztugx6TT37NIo7imr/Qo0gsYiGtSdBa2B6fsXhTpVZDNfu1Qn3pk531e3q+nQ==",
      "license": "MIT"
    },
    "node_modules/cliui": {
      "version": "8.0.1",
      "resolved": "https://registry.npmjs.org/cliui/-/cliui-8.0.1.tgz",
      "integrity": "sha512-BSeNnyus75C4//NQ9gQt1/csTXyo/8Sb+afLAkzAptFuMsod9HFokGNudZpi/oQV73hnVK+sR+5PVRMd+Dr7YQ==",
      "license": "ISC",
      "dependencies": {
        "string-width": "^4.2.0",
        "strip-ansi": "^6.0.1",
        "wrap-ansi": "^7.0.0"
      },
      "engines": {
        "node": ">=12"
      }
    },
    "node_modules/collapse-white-space": {
      "version": "2.1.0",
      "resolved": "https://registry.npmjs.org/collapse-white-space/-/collapse-white-space-2.1.0.tgz",
      "integrity": "sha512-loKTxY1zCOuG4j9f6EPnuyyYkf58RnhhWTvRoZEokgB+WbdXehfjFviyOVYkqzEWz1Q5kRiZdBYS5SwxbQYwzw==",
      "license": "MIT",
      "funding": {
        "type": "github",
        "url": "https://github.com/sponsors/wooorm"
      }
    },
    "node_modules/color-convert": {
      "version": "2.0.1",
      "resolved": "https://registry.npmjs.org/color-convert/-/color-convert-2.0.1.tgz",
      "integrity": "sha512-RRECPsj7iu/xb5oKYcsFHSppFNnsj/52OVTRKb4zP5onXwVF3zVmmToNcOfGC+CRDpfK/U584fMg38ZHCaElKQ==",
      "license": "MIT",
      "dependencies": {
        "color-name": "~1.1.4"
      },
      "engines": {
        "node": ">=7.0.0"
      }
    },
    "node_modules/color-name": {
      "version": "1.1.4",
      "resolved": "https://registry.npmjs.org/color-name/-/color-name-1.1.4.tgz",
      "integrity": "sha512-dOy+3AuW3a2wNbZHIuMZpTcgjGuLU/uBL/ubcZF9OXbDo8ff4O8yVp5Bf0efS8uEoYo5q4Fx7dY9OgQGXgAsQA==",
      "license": "MIT"
    },
    "node_modules/decimal.js": {
      "version": "10.6.0",
      "resolved": "https://registry.npmjs.org/decimal.js/-/decimal.js-10.6.0.tgz",
      "integrity": "sha512-YpgQiITW3JXGntzdUmyUR1V812Hn8T1YVXhCu+wO3OpS4eU9l4YdD3qjyiKdV6mvV29zapkMeD390UVEf2lkUg==",
      "license": "MIT"
    },
    "node_modules/emoji-regex": {
      "version": "8.0.0",
      "resolved": "https://registry.npmjs.org/emoji-regex/-/emoji-regex-8.0.0.tgz",
      "integrity": "sha512-MSjYzcWNOA0ewAHpz0MxpYFvwg6yjy1NG3xteoqz644VCo/RPgnr1/GGt+ic3iJTzQ8Eu3TdM14SawnVUmGE6A==",
      "license": "MIT"
    },
    "node_modules/escalade": {
      "version": "3.2.0",
      "resolved": "https://registry.npmjs.org/escalade/-/escalade-3.2.0.tgz",
      "integrity": "sha512-WUj2qlxaQtO4g6Pq5c29GTcWGDyd8itL8zTlipgECz3JesAiiOKotd8JU6otB3PACgG6xkJUyVhboMS+bje/jA==",
      "license": "MIT",
      "engines": {
        "node": ">=6"
      }
    },
    "node_modules/fast-diff": {
      "version": "1.3.0",
      "resolved": "https://registry.npmjs.org/fast-diff/-/fast-diff-1.3.0.tgz",
      "integrity": "sha512-VxPP4NqbUjj6MaAOafWeUn2cXWLcCtljklUtZf0Ind4XQ+QPtmA0b18zZy0jIQx+ExRVCR/ZQpBmik5lXshNsw==",
      "license": "Apache-2.0"
    },
    "node_modules/franc-min": {
      "version": "6.2.0",
      "resolved": "https://registry.npmjs.org/franc-min/-/franc-min-6.2.0.tgz",
      "integrity": "sha512-1uDIEUSlUZgvJa2AKYR/dmJC66v/PvGQ9mWfI9nOr/kPpMFyvswK0gPXOwpYJYiYD008PpHLkGfG58SPjQJFxw==",
      "license": "MIT",
      "dependencies": {
        "trigram-utils": "^2.0.0"
      },
      "funding": {
        "type": "github",
        "url": "https://github.com/sponsors/wooorm"
      }
    },
    "node_modules/get-caller-file": {
      "version": "2.0.5",
      "resolved": "https://registry.npmjs.org/get-caller-file/-/get-caller-file-2.0.5.tgz",
      "integrity": "sha512-DyFP3BM/3YHTQOCUL/w0OZHR0lpKeGrxotcHWcqNEdnltqFwXVfhEBQ94eIo34AfQpo0rGki4cyIiftY06h2Fg==",
      "license": "ISC",
      "engines": {
        "node": "6.* || 8.* || >= 10.*"
      }
    },
    "node_modules/is-fullwidth-code-point": {
      "version": "3.0.0",
      "resolved": "https://registry.npmjs.org/is-fullwidth-code-point/-/is-fullwidth-code-point-3.0.0.tgz",
      "integrity": "sha512-zymm5+u+sCsSWyD9qNaejV3DFvhCKclKdizYaJUuHA83RLjb7nSuGnddCHGv0hk+KY7BMAlsWeK4Ueg6EV6XQg==",
      "license": "MIT",
      "engines": {
        "node": ">=8"
      }
    },
    "node_modules/kdbush": {
      "version": "4.1.0",
      "resolved": "https://registry.npmjs.org/kdbush/-/kdbush-4.1.0.tgz",
      "integrity": "sha512-e9vurzrXJQrFX6ckpHP3bvj5l+9CnYzkxDNnNQ1h2QTqdWsUAJgXiKdGNcOa1EY85dU8KbQ+z/FdQdB7P+9yfQ==",
      "license": "ISC"
    },
    "node_modules/lodash-es": {
      "version": "4.18.1",
      "resolved": "https://registry.npmjs.org/lodash-es/-/lodash-es-4.18.1.tgz",
      "integrity": "sha512-J8xewKD/Gk22OZbhpOVSwcs60zhd95ESDwezOFuA3/099925PdHJ7OFHNTGtajL3AlZkykD32HykiMo+BIBI8A==",
      "license": "MIT"
    },
    "node_modules/lodash.camelcase": {
      "version": "4.3.0",
      "resolved": "https://registry.npmjs.org/lodash.camelcase/-/lodash.camelcase-4.3.0.tgz",
      "integrity": "sha512-TwuEnCnxbc3rAvhf/LbG7tJUDzhqXyFnv3dtzLOPgCG/hODL7WFnsbwktkD7yUV0RrreP/l1PALq/YSg6VvjlA==",
      "license": "MIT"
    },
    "node_modules/long": {
      "version": "5.3.2",
      "resolved": "https://registry.npmjs.org/long/-/long-5.3.2.tgz",
      "integrity": "sha512-mNAgZ1GmyNhD7AuqnTG3/VQ26o760+ZYBPKjPvugO8+nLbYfX6TVpJPseBvopbdY+qpZ/lKUnmEc1LeZYS3QAA==",
      "license": "Apache-2.0"
    },
    "node_modules/n-gram": {
      "version": "2.0.2",
      "resolved": "https://registry.npmjs.org/n-gram/-/n-gram-2.0.2.tgz",
      "integrity": "sha512-S24aGsn+HLBxUGVAUFOwGpKs7LBcG4RudKU//eWzt/mQ97/NMKQxDWHyHx63UNWk/OOdihgmzoETn1tf5nQDzQ==",
      "license": "MIT",
      "funding": {
        "type": "github",
        "url": "https://github.com/sponsors/wooorm"
      }
    },
    "node_modules/ot-json1": {
      "version": "1.0.2",
      "resolved": "https://registry.npmjs.org/ot-json1/-/ot-json1-1.0.2.tgz",
      "integrity": "sha512-IhxkqVWQqlkWULoi/Q2AdzKk0N5vQRbUMUwubFXFCPcY4TsOZjmp2YKrk0/z1TeiECPadWEK060sdFdQ3Grokg==",
      "license": "ISC",
      "dependencies": {
        "ot-text-unicode": "4"
      }
    },
    "node_modules/ot-text-unicode": {
      "version": "4.0.0",
      "resolved": "https://registry.npmjs.org/ot-text-unicode/-/ot-text-unicode-4.0.0.tgz",
      "integrity": "sha512-W7ZLU8QXesY2wagYFv47zErXud3E93FGImmSGJsQnBzE+idcPPyo2u2KMilIrTwBh4pbCizy71qRjmmV6aDhcQ==",
      "license": "ISC",
      "dependencies": {
        "unicount": "1.1"
      }
    },
    "node_modules/protobufjs": {
      "version": "7.6.6",
      "resolved": "https://registry.npmjs.org/protobufjs/-/protobufjs-7.6.6.tgz",
      "integrity": "sha512-dYDWdjSl5RNb7SgPxGQcRU+GtvP7s2fpkrY0r432PcOIaZ0/rBcxEZnQN67iJhFuQiVw754JDoPruPCNdGsbjg==",
      "hasInstallScript": true,
      "license": "BSD-3-Clause",
      "dependencies": {
        "@protobufjs/aspromise": "^1.1.2",
        "@protobufjs/base64": "^1.1.2",
        "@protobufjs/codegen": "^2.0.5",
        "@protobufjs/eventemitter": "^1.1.1",
        "@protobufjs/fetch": "^1.1.1",
        "@protobufjs/float": "^1.0.2",
        "@protobufjs/path": "^1.1.2",
        "@protobufjs/pool": "^1.1.0",
        "@protobufjs/utf8": "^1.1.1",
        "@types/node": ">=13.7.0",
        "long": "^5.3.2"
      },
      "engines": {
        "node": ">=12.0.0"
      }
    },
    "node_modules/quickselect": {
      "version": "3.0.0",
      "resolved": "https://registry.npmjs.org/quickselect/-/quickselect-3.0.0.tgz",
      "integrity": "sha512-XdjUArbK4Bm5fLLvlm5KpTFOiOThgfWWI4axAZDWg4E/0mKdZyI9tNEfds27qCi1ze/vwTR16kvmmGhRra3c2g==",
      "license": "ISC"
    },
    "node_modules/rbush": {
      "version": "4.0.1",
      "resolved": "https://registry.npmjs.org/rbush/-/rbush-4.0.1.tgz",
      "integrity": "sha512-IP0UpfeWQujYC8Jg162rMNc01Rf0gWMMAb2Uxus/Q0qOFw4lCcq6ZnQEZwUoJqWyUGJ9th7JjwI4yIWo+uvoAQ==",
      "license": "MIT",
      "dependencies": {
        "quickselect": "^3.0.0"
      }
    },
    "node_modules/require-directory": {
      "version": "2.1.1",
      "resolved": "https://registry.npmjs.org/require-directory/-/require-directory-2.1.1.tgz",
      "integrity": "sha512-fGxEI7+wsG9xrvdjsrlmL22OMTTiHRwAMroiEeMgq8gzoLC/PQr7RsRDSTLUg/bZAZtF+TVIkHc6/4RIKrui+Q==",
      "license": "MIT",
      "engines": {
        "node": ">=0.10.0"
      }
    },
    "node_modules/rxjs": {
      "version": "7.8.1",
      "resolved": "https://registry.npmjs.org/rxjs/-/rxjs-7.8.1.tgz",
      "integrity": "sha512-AA3TVj+0A2iuIoQkWEK/tqFjBq2j+6PO6Y0zJcvzLAFhEFIO3HL0vls9hWLncZbAAbK0mar7oZ4V079I/qPMxg==",
      "license": "Apache-2.0",
      "dependencies": {
        "tslib": "^2.1.0"
      }
    },
    "node_modules/string-width": {
      "version": "4.2.3",
      "resolved": "https://registry.npmjs.org/string-width/-/string-width-4.2.3.tgz",
      "integrity": "sha512-wKyQRQpjJ0sIp62ErSZdGsjMJWsap5oRNihHhu6G7JVO/9jIB6UyevL+tXuOqrng8j/cxKTWyWUwvSTriiZz/g==",
      "license": "MIT",
      "dependencies": {
        "emoji-regex": "^8.0.0",
        "is-fullwidth-code-point": "^3.0.0",
        "strip-ansi": "^6.0.1"
      },
      "engines": {
        "node": ">=8"
      }
    },
    "node_modules/strip-ansi": {
      "version": "6.0.1",
      "resolved": "https://registry.npmjs.org/strip-ansi/-/strip-ansi-6.0.1.tgz",
      "integrity": "sha512-Y38VPSHcqkFrCpFnQ9vuSXmquuv5oXOKpGeT6aGrr3o3Gc9AlVa6JBfUSOCnbxGGZF+/0ooI7KrPuUSztUdU5A==",
      "license": "MIT",
      "dependencies": {
        "ansi-regex": "^5.0.1"
      },
      "engines": {
        "node": ">=8"
      }
    },
    "node_modules/trigram-utils": {
      "version": "2.0.1",
      "resolved": "https://registry.npmjs.org/trigram-utils/-/trigram-utils-2.0.1.tgz",
      "integrity": "sha512-nfWIXHEaB+HdyslAfMxSqWKDdmqY9I32jS7GnqpdWQnLH89r6A5sdk3fDVYqGAZ0CrT8ovAFSAo6HRiWcWNIGQ==",
      "license": "MIT",
      "dependencies": {
        "collapse-white-space": "^2.0.0",
        "n-gram": "^2.0.0"
      },
      "funding": {
        "type": "github",
        "url": "https://github.com/sponsors/wooorm"
      }
    },
    "node_modules/tslib": {
      "version": "2.8.1",
      "resolved": "https://registry.npmjs.org/tslib/-/tslib-2.8.1.tgz",
      "integrity": "sha512-oJFu94HQb+KVduSUQL7wnpmqnfmLsOA/nAh6b6EH0wCEoK0/mPeXU6c3wKDV83MkOuHPRHtSXKKU99IBazS/2w==",
      "license": "0BSD"
    },
    "node_modules/undici-types": {
      "version": "8.9.0",
      "resolved": "https://registry.npmjs.org/undici-types/-/undici-types-8.9.0.tgz",
      "integrity": "sha512-KTDyRTYX8sWmKXAikPHHSyc63CRPETMctyjKFupcC6OBLXT3xsN0e9aF7m+mIXutFWpUXuedtowG7iLOzp0kQg==",
      "license": "MIT"
    },
    "node_modules/unicount": {
      "version": "1.1.0",
      "resolved": "https://registry.npmjs.org/unicount/-/unicount-1.1.0.tgz",
      "integrity": "sha512-RlwWt1ywVW4WErPGAVHw/rIuJ2+MxvTME0siJ6lk9zBhpDfExDbspe6SRlWT3qU6AucNjotPl9qAJRVjP7guCQ==",
      "license": "ISC"
    },
    "node_modules/wrap-ansi": {
      "version": "7.0.0",
      "resolved": "https://registry.npmjs.org/wrap-ansi/-/wrap-ansi-7.0.0.tgz",
      "integrity": "sha512-YVGIj2kamLSTxw6NsZjoBxfSwsn0ycdesmc4p+Q21c5zPuZ1pl+NfxVdxPtdHvmNVOQ6XSYG4AUtyt/Fi7D16Q==",
      "license": "MIT",
      "dependencies": {
        "ansi-styles": "^4.0.0",
        "string-width": "^4.1.0",
        "strip-ansi": "^6.0.0"
      },
      "engines": {
        "node": ">=10"
      },
      "funding": {
        "url": "https://github.com/chalk/wrap-ansi?sponsor=1"
      }
    },
    "node_modules/y18n": {
      "version": "5.0.8",
      "resolved": "https://registry.npmjs.org/y18n/-/y18n-5.0.8.tgz",
      "integrity": "sha512-0pfFzegeDWJHJIAmTLRP2DwHjdF5s7jo9tuztdQxAhINCdvS+3nGINqPd00AphqJR/0LhANUS6/+7SCb98YOfA==",
      "license": "ISC",
      "engines": {
        "node": ">=10"
      }
    },
    "node_modules/yargs": {
      "version": "17.7.3",
      "resolved": "https://registry.npmjs.org/yargs/-/yargs-17.7.3.tgz",
      "integrity": "sha512-GZtjxm/J/4TSxuL3FNYjCmLktBTnIw/rVmKSIyKeYAZpmJB2ig9VauCC5xsa82GNKVKDAqpOn3KVzNt0zmrU0g==",
      "license": "MIT",
      "dependencies": {
        "cliui": "^8.0.1",
        "escalade": "^3.1.1",
        "get-caller-file": "^2.0.5",
        "require-directory": "^2.1.1",
        "string-width": "^4.2.3",
        "y18n": "^5.0.5",
        "yargs-parser": "^21.1.1"
      },
      "engines": {
        "node": ">=12"
      }
    },
    "node_modules/yargs-parser": {
      "version": "21.1.1",
      "resolved": "https://registry.npmjs.org/yargs-parser/-/yargs-parser-21.1.1.tgz",
      "integrity": "sha512-tVpsJW7DdjecAiFpbIB1e3qxIQsE6NoPc5/eTdrbbIC4h0LVsWhnoa3g+m2HclBIujHzsxZ4VJVA+GUuc2/LBw==",
      "license": "ISC",
      "engines": {
        "node": ">=12"
      }
    }
  }
}
